
Microsoft Visual Studio Solution File, Format Version 12.00
# Visual Studio Version 16
VisualStudioVersion = 16.0.31205.134
MinimumVisualStudioVersion = 10.0.40219.1
Project("{FAE04EC0-301F-11D3-BF4B-00C04F79EFBC}") = "XPlaneUDPExchange", "XPlaneUDPExchange\XPlaneUDPExchange.csproj", "{234D8420-B4DC-43B7-ABE5-4618372F7775}"
EndProject
Global
	GlobalSection(SolutionConfigurationPlatforms) = preSolution
		Debug|Any CPU = Debug|Any CPU
		Release|Any CPU = Release|Any CPU
	EndGlobalSection
	GlobalSection(ProjectConfigurationPlatforms) = postSolution
		{234D8420-B4DC-43B7-ABE5-4618372F7775}.Debug|Any CPU.ActiveCfg = Debug|Any CPU
		{234D8420-B4DC-43B7-ABE5-4618372F7775}.Debug|Any CPU.Build.0 = Debug|Any CPU
		{234D8420-B4DC-43B7-ABE5-4618372F7775}.Release|Any CPU.ActiveCfg = Release|Any CPU
		{234D8420-B4DC-43B7-ABE5-4618372F7775}.Release|Any CPU.Build.0 = Release|Any CPU
	EndGlobalSection
	GlobalSection(SolutionProperties) = preSolution
		HideSolutionNode = FALSE
	EndGlobalSection
	GlobalSection(ExtensibilityGlobals) = postSolution
		SolutionGuid = {8D512BD8-CD6A-452F-9887-AC9153B19605}
	EndGlobalSection
EndGlobal
